// !$*UTF8*$!
{
	archiveVersion = 1;
	classes = {
	};
	objectVersion = 46;
	objects = {

/* Begin PBXBuildFile section */
		9A68FA7A1C1FF02100F9A766 /* main.m in Sources */ = {isa = PBXBuildFile; fileRef = 9A68FA791C1FF02100F9A766 /* main.m */; };
		9A68FA7D1C1FF02100F9A766 /* AppDelegate.m in Sources */ = {isa = PBXBuildFile; fileRef = 9A68FA7C1C1FF02100F9A766 /* AppDelegate.m */; };
		9A68FA801C1FF02100F9A766 /* ViewController.m in Sources */ = {isa = PBXBuildFile; fileRef = 9A68FA7F1C1FF02100F9A766 /* ViewController.m */; };
		9A68FA831C1FF02200F9A766 /* Main.storyboard in Resources */ = {isa = PBXBuildFile; fileRef = 9A68FA811C1FF02200F9A766 /* Main.storyboard */; };
		9A68FA851C1FF02200F9A766 /* Assets.xcassets in Resources */ = {isa = PBXBuildFile; fileRef = 9A68FA841C1FF02200F9A766 /* Assets.xcassets */; };
		9A68FA881C1FF02200F9A766 /* LaunchScreen.storyboard in Resources */ = {isa = PBXBuildFile; fileRef = 9A68FA861C1FF02200F9A766 /* LaunchScreen.storyboard */; };
		9A68FA931C1FF02200F9A766 /* ZXKeyBoardShowTests.m in Sources */ = {isa = PBXBuildFile; fileRef = 9A68FA921C1FF02200F9A766 /* ZXKeyBoardShowTests.m */; };
		9A68FA9E1C1FF02200F9A766 /* ZXKeyBoardShowUITests.m in Sources */ = {isa = PBXBuildFile; fileRef = 9A68FA9D1C1FF02200F9A766 /* ZXKeyBoardShowUITests.m */; };
		9A68FAAE1C1FF0B900F9A766 /* MyTableViewCell.m in Sources */ = {isa = PBXBuildFile; fileRef = 9A68FAAC1C1FF0B900F9A766 /* MyTableViewCell.m */; settings = {ASSET_TAGS = (); }; };
		9A68FAAF1C1FF0B900F9A766 /* MyTableViewCell.xib in Resources */ = {isa = PBXBuildFile; fileRef = 9A68FAAD1C1FF0B900F9A766 /* MyTableViewCell.xib */; settings = {ASSET_TAGS = (); }; };
/* End PBXBuildFile section */

/* Begin PBXContainerItemProxy section */
		9A68FA8F1C1FF02200F9A766 /* PBXContainerItemProxy */ = {
			isa = PBXContainerItemProxy;
			containerPortal = 9A68FA6D1C1FF02100F9A766 /* Project object */;
			proxyType = 1;
			remoteGlobalIDString = 9A68FA741C1FF02100F9A766;
			remoteInfo = ZXKeyBoardShow;
		};
		9A68FA9A1C1FF02200F9A766 /* PBXContainerItemProxy */ = {
			isa = PBXContainerItemProxy;
			containerPortal = 9A68FA6D1C1FF02100F9A766 /* Project object */;
			proxyType = 1;
			remoteGlobalIDString = 9A68FA741C1FF02100F9A766;
			remoteInfo = ZXKeyBoardShow;
		};
/* End PBXContainerItemProxy section */

/* Begin PBXFileReference section */
		9A68FA751C1FF02100F9A766 /* ZXKeyBoardShow.app */ = {isa = PBXFileReference; explicitFileType = wrapper.application; includeInIndex = 0; path = ZXKeyBoardShow.app; sourceTree = BUILT_PRODUCTS_DIR; };
		9A68FA791C1FF02100F9A766 /* main.m */ = {isa = PBXFileReference; lastKnownFileType = sourcecode.c.objc; path = main.m; sourceTree = "<group>"; };
		9A68FA7B1C1FF02100F9A766 /* AppDelegate.h */ = {isa = PBXFileReference; lastKnownFileType = sourcecode.c.h; path = AppDelegate.h; sourceTree = "<group>"; };
		9A68FA7C1C1FF02100F9A766 /* AppDelegate.m */ = {isa = PBXFileReference; lastKnownFileType = sourcecode.c.objc; path = AppDelegate.m; sourceTree = "<group>"; };
		9A68FA7E1C1FF02100F9A766 /* ViewController.h */ = {isa = PBXFileReference; lastKnownFileType = sourcecode.c.h; path = ViewController.h; sourceTree = "<group>"; };
		9A68FA7F1C1FF02100F9A766 /* ViewController.m */ = {isa = PBXFileReference; lastKnownFileType = sourcecode.c.objc; path = ViewController.m; sourceTree = "<group>"; };
		9A68FA821C1FF02200F9A766 /* Base */ = {isa = PBXFileReference; lastKnownFileType = file.storyboard; name = Base; path = Base.lproj/Main.storyboard; sourceTree = "<group>"; };
		9A68FA841C1FF02200F9A766 /* Assets.xcassets */ = {isa = PBXFileReference; lastKnownFileType = folder.assetcatalog; path = Assets.xcassets; sourceTree = "<group>"; };
		9A68FA871C1FF02200F9A766 /* Base */ = {isa = PBXFileReference; lastKnownFileType = file.storyboard; name = Base; path = Base.lproj/LaunchScreen.storyboard; sourceTree = "<group>"; };
		9A68FA891C1FF02200F9A766 /* Info.plist */ = {isa = PBXFileReference; lastKnownFileType = text.plist.xml; path = Info.plist; sourceTree = "<group>"; };
		9A68FA8E1C1FF02200F9A766 /* ZXKeyBoardShowTests.xctest */ = {isa = PBXFileReference; explicitFileType = wrapper.cfbundle; includeInIndex = 0; path = ZXKeyBoardShowTests.xctest; sourceTree = BUILT_PRODUCTS_DIR; };
		9A68FA921C1FF02200F9A766 /* ZXKeyBoardShowTests.m */ = {isa = PBXFileReference; lastKnownFileType = sourcecode.c.objc; path = ZXKeyBoardShowTests.m; sourceTree = "<group>"; };
		9A68FA941C1FF02200F9A766 /* Info.plist */ = {isa = PBXFileReference; lastKnownFileType = text.plist.xml; path = Info.plist; sourceTree = "<group>"; };
		9A68FA991C1FF02200F9A766 /* ZXKeyBoardShowUITests.xctest */ = {isa = PBXFileReference; explicitFileType = wrapper.cfbundle; includeInIndex = 0; path = ZXKeyBoardShowUITests.xctest; sourceTree = BUILT_PRODUCTS_DIR; };
		9A68FA9D1C1FF02200F9A766 /* ZXKeyBoardShowUITests.m */ = {isa = PBXFileReference; lastKnownFileType = sourcecode.c.objc; path = ZXKeyBoardShowUITests.m; sourceTree = "<group>"; };
		9A68FA9F1C1FF02200F9A766 /* Info.plist */ = {isa = PBXFileReference; lastKnownFileType = text.plist.xml; path = Info.plist; sourceTree = "<group>"; };
		9A68FAAB1C1FF0B900F9A766 /* MyTableViewCell.h */ = {isa = PBXFileReference; fileEncoding = 4; lastKnownFileType = sourcecode.c.h; path = MyTableViewCell.h; sourceTree = "<group>"; };
		9A68FAAC1C1FF0B900F9A766 /* MyTableViewCell.m */ = {isa = PBXFileReference; fileEncoding = 4; lastKnownFileType = sourcecode.c.objc; path = MyTableViewCell.m; sourceTree = "<group>"; };
		9A68FAAD1C1FF0B900F9A766 /* MyTableViewCell.xib */ = {isa = PBXFileReference; fileEncoding = 4; lastKnownFileType = file.xib; path = MyTableViewCell.xib; sourceTree = "<group>"; };
/* End PBXFileReference section */

/* Begin PBXFrameworksBuildPhase section */
		9A68FA721C1FF02100F9A766 /* Frameworks */ = {
			isa = PBXFrameworksBuildPhase;
			buildActionMask = 2147483647;
			files = (
			);
			runOnlyForDeploymentPostprocessing = 0;
		};
		9A68FA8B1C1FF02200F9A766 /* Frameworks */ = {
			isa = PBXFrameworksBuildPhase;
			buildActionMask = 2147483647;
			files = (
			);
			runOnlyForDeploymentPostprocessing = 0;
		};
		9A68FA961C1FF02200F9A766 /* Frameworks */ = {
			isa = PBXFrameworksBuildPhase;
			buildActionMask = 2147483647;
			files = (
			);
			runOnlyForDeploymentPostprocessing = 0;
		};
/* End PBXFrameworksBuildPhase section */

/* Begin PBXGroup section */
		9A68FA6C1C1FF02100F9A766 = {
			isa = PBXGroup;
			children = (
				9A68FA771C1FF02100F9A766 /* ZXKeyBoardShow */,
				9A68FA911C1FF02200F9A766 /* ZXKeyBoardShowTests */,
				9A68FA9C1C1FF02200F9A766 /* ZXKeyBoardShowUITests */,
				9A68FA761C1FF02100F9A766 /* Products */,
			);
			sourceTree = "<group>";
		};
		9A68FA761C1FF02100F9A766 /* Products */ = {
			isa = PBXGroup;
			children = (
				9A68FA751C1FF02100F9A766 /* ZXKeyBoardShow.app */,
				9A68FA8E1C1FF02200F9A766 /* ZXKeyBoardShowTests.xctest */,
				9A68FA991C1FF02200F9A766 /* ZXKeyBoardShowUITests.xctest */,
			);
			name = Products;
			sourceTree = "<group>";
		};
		9A68FA771C1FF02100F9A766 /* ZXKeyBoardShow */ = {
			isa = PBXGroup;
			children = (
				9A68FA7B1C1FF02100F9A766 /* AppDelegate.h */,
				9A68FA7C1C1FF02100F9A766 /* AppDelegate.m */,
				9A68FA7E1C1FF02100F9A766 /* ViewController.h */,
				9A68FA7F1C1FF02100F9A766 /* ViewController.m */,
				9A68FAAB1C1FF0B900F9A766 /* MyTableViewCell.h */,
				9A68FAAC1C1FF0B900F9A766 /* MyTableViewCell.m */,
				9A68FAAD1C1FF0B900F9A766 /* MyTableViewCell.xib */,
				9A68FA811C1FF02200F9A766 /* Main.storyboard */,
				9A68FA841C1FF02200F9A766 /* Assets.xcassets */,
				9A68FA861C1FF02200F9A766 /* LaunchScreen.storyboard */,
				9A68FA891C1FF02200F9A766 /* Info.plist */,
				9A68FA781C1FF02100F9A766 /* Supporting Files */,
			);
			path = ZXKeyBoardShow;
			sourceTree = "<group>";
		};
		9A68FA781C1FF02100F9A766 /* Supporting Files */ = {
			isa = PBXGroup;
			children = (
				9A68FA791C1FF02100F9A766 /* main.m */,
			);
			name = "Supporting Files";
			sourceTree = "<group>";
		};
		9A68FA911C1FF02200F9A766 /* ZXKeyBoardShowTests */ = {
			isa = PBXGroup;
			children = (
				9A68FA921C1FF02200F9A766 /* ZXKeyBoardShowTests.m */,
				9A68FA941C1FF02200F9A766 /* Info.plist */,
			);
			path = ZXKeyBoardShowTests;
			sourceTree = "<group>";
		};
		9A68FA9C1C1FF02200F9A766 /* ZXKeyBoardShowUITests */ = {
			isa = PBXGroup;
			children = (
				9A68FA9D1C1FF02200F9A766 /* ZXKeyBoardShowUITests.m */,
				9A68FA9F1C1FF02200F9A766 /* Info.plist */,
			);
			path = ZXKeyBoardShowUITests;
			sourceTree = "<group>";
		};
/* End PBXGroup section */

/* Begin PBXNativeTarget section */
		9A68FA741C1FF02100F9A766 /* ZXKeyBoardShow */ = {
			isa = PBXNativeTarget;
			buildConfigurationList = 9A68FAA21C1FF02200F9A766 /* Build configuration list for PBXNativeTarget "ZXKeyBoardShow" */;
			buildPhases = (
				9A68FA711C1FF02100F9A766 /* Sources */,
				9A68FA721C1FF02100F9A766 /* Frameworks */,
				9A68FA731C1FF02100F9A766 /* Resources */,
			);
			buildRules = (
			);
			dependencies = (
			);
			name = ZXKeyBoardShow;
			productName = ZXKeyBoardShow;
			productReference = 9A68FA751C1FF02100F9A766 /* ZXKeyBoardShow.app */;
			productType = "com.apple.product-type.application";
		};
		9A68FA8D1C1FF02200F9A766 /* ZXKeyBoardShowTests */ = {
			isa = PBXNativeTarget;
			buildConfigurationList = 9A68FAA51C1FF02200F9A766 /* Build configuration list for PBXNativeTarget "ZXKeyBoardShowTests" */;
			buildPhases = (
				9A68FA8A1C1FF02200F9A766 /* Sources */,
				9A68FA8B1C1FF02200F9A766 /* Frameworks */,
				9A68FA8C1C1FF02200F9A766 /* Resources */,
			);
			buildRules = (
			);
			dependencies = (
				9A68FA901C1FF02200F9A766 /* PBXTargetDependency */,
			);
			name = ZXKeyBoardShowTests;
			productName = ZXKeyBoardShowTests;
			productReference = 9A68FA8E1C1FF02200F9A766 /* ZXKeyBoardShowTests.xctest */;
			productType = "com.apple.product-type.bundle.unit-test";
		};
		9A68FA981C1FF02200F9A766 /* ZXKeyBoardShowUITests */ = {
			isa = PBXNativeTarget;
			buildConfigurationList = 9A68FAA81C1FF02200F9A766 /* Build configuration list for PBXNativeTarget "ZXKeyBoardShowUITests" */;
			buildPhases = (
				9A68FA951C1FF02200F9A766 /* Sources */,
				9A68FA961C1FF02200F9A766 /* Frameworks */,
				9A68FA971C1FF02200F9A766 /* Resources */,
			);
			buildRules = (
			);
			dependencies = (
				9A68FA9B1C1FF02200F9A766 /* PBXTargetDependency */,
			);
			name = ZXKeyBoardShowUITests;
			productName = ZXKeyBoardShowUITests;
			productReference = 9A68FA991C1FF02200F9A766 /* ZXKeyBoardShowUITests.xctest */;
			productType = "com.apple.product-type.bundle.ui-testing";
		};
/* End PBXNativeTarget section */

/* Begin PBXProject section */
		9A68FA6D1C1FF02100F9A766 /* Project object */ = {
			isa = PBXProject;
			attributes = {
				LastUpgradeCheck = 0700;
				ORGANIZATIONNAME = macmini;
				TargetAttributes = {
					9A68FA741C1FF02100F9A766 = {
						CreatedOnToolsVersion = 7.0;
					};
					9A68FA8D1C1FF02200F9A766 = {
						CreatedOnToolsVersion = 7.0;
						TestTargetID = 9A68FA741C1FF02100F9A766;
					};
					9A68FA981C1FF02200F9A766 = {
						CreatedOnToolsVersion = 7.0;
						TestTargetID = 9A68FA741C1FF02100F9A766;
					};
				};
			};
			buildConfigurationList = 9A68FA701C1FF02100F9A766 /* Build configuration list for PBXProject "ZXKeyBoardShow" */;
			compatibilityVersion = "Xcode 3.2";
			developmentRegion = English;
			hasScannedForEncodings = 0;
			knownRegions = (
				en,
				Base,
			);
			mainGroup = 9A68FA6C1C1FF02100F9A766;
			productRefGroup = 9A68FA761C1FF02100F9A766 /* Products */;
			projectDirPath = "";
			projectRoot = "";
			targets = (
				9A68FA741C1FF02100F9A766 /* ZXKeyBoardShow */,
				9A68FA8D1C1FF02200F9A766 /* ZXKeyBoardShowTests */,
				9A68FA981C1FF02200F9A766 /* ZXKeyBoardShowUITests */,
			);
		};
/* End PBXProject section */

/* Begin PBXResourcesBuildPhase section */
		9A68FA731C1FF02100F9A766 /* Resources */ = {
			isa = PBXResourcesBuildPhase;
			buildActionMask = 2147483647;
			files = (
				9A68FA881C1FF02200F9A766 /* LaunchScreen.storyboard in Resources */,
				9A68FAAF1C1FF0B900F9A766 /* MyTableViewCell.xib in Resources */,
				9A68FA851C1FF02200F9A766 /* Assets.xcassets in Resources */,
				9A68FA831C1FF02200F9A766 /* Main.storyboard in Resources */,
			);
			runOnlyForDeploymentPostprocessing = 0;
		};
		9A68FA8C1C1FF02200F9A766 /* Resources */ = {
			isa = PBXResourcesBuildPhase;
			buildActionMask = 2147483647;
			files = (
			);
			runOnlyForDeploymentPostprocessing = 0;
		};
		9A68FA971C1FF02200F9A766 /* Resources */ = {
			isa = PBXResourcesBuildPhase;
			buildActionMask = 2147483647;
			files = (
			);
			runOnlyForDeploymentPostprocessing = 0;
		};
/* End PBXResourcesBuildPhase section */

/* Begin PBXSourcesBuildPhase section */
		9A68FA711C1FF02100F9A766 /* Sources */ = {
			isa = PBXSourcesBuildPhase;
			buildActionMask = 2147483647;
			files = (
				9A68FA801C1FF02100F9A766 /* ViewController.m in Sources */,
				9A68FAAE1C1FF0B900F9A766 /* MyTableViewCell.m in Sources */,
				9A68FA7D1C1FF02100F9A766 /* AppDelegate.m in Sources */,
				9A68FA7A1C1FF02100F9A766 /* main.m in Sources */,
			);
			runOnlyForDeploymentPostprocessing = 0;
		};
		9A68FA8A1C1FF02200F9A766 /* Sources */ = {
			isa = PBXSourcesBuildPhase;
			buildActionMask = 2147483647;
			files = (
				9A68FA931C1FF02200F9A766 /* ZXKeyBoardShowTests.m in Sources */,
			);
			runOnlyForDeploymentPostprocessing = 0;
		};
		9A68FA951C1FF02200F9A766 /* Sources */ = {
			isa = PBXSourcesBuildPhase;
			buildActionMask = 2147483647;
			files = (
				9A68FA9E1C1FF02200F9A766 /* ZXKeyBoardShowUITests.m in Sources */,
			);
			runOnlyForDeploymentPostprocessing = 0;
		};
/* End PBXSourcesBuildPhase section */

/* Begin PBXTargetDependency section */
		9A68FA901C1FF02200F9A766 /* PBXTargetDependency */ = {
			isa = PBXTargetDependency;
			target = 9A68FA741C1FF02100F9A766 /* ZXKeyBoardShow */;
			targetProxy = 9A68FA8F1C1FF02200F9A766 /* PBXContainerItemProxy */;
		};
		9A68FA9B1C1FF02200F9A766 /* PBXTargetDependency */ = {
			isa = PBXTargetDependency;
			target = 9A68FA741C1FF02100F9A766 /* ZXKeyBoardShow */;
			targetProxy = 9A68FA9A1C1FF02200F9A766 /* PBXContainerItemProxy */;
		};
/* End PBXTargetDependency section */

/* Begin PBXVariantGroup section */
		9A68FA811C1FF02200F9A766 /* Main.storyboard */ = {
			isa = PBXVariantGroup;
			children = (
				9A68FA821C1FF02200F9A766 /* Base */,
			);
			name = Main.storyboard;
			sourceTree = "<group>";
		};
		9A68FA861C1FF02200F9A766 /* LaunchScreen.storyboard */ = {
			isa = PBXVariantGroup;
			children = (
				9A68FA871C1FF02200F9A766 /* Base */,
			);
			name = LaunchScreen.storyboard;
			sourceTree = "<group>";
		};
/* End PBXVariantGroup section */

/* Begin XCBuildConfiguration section */
		9A68FAA01C1FF02200F9A766 /* Debug */ = {
			isa = XCBuildConfiguration;
			buildSettings = {
				ALWAYS_SEARCH_USER_PATHS = NO;
				CLANG_CXX_LANGUAGE_STANDARD = "gnu++0x";
				CLANG_CXX_LIBRARY = "libc++";
				CLANG_ENABLE_MODULES = YES;
				CLANG_ENABLE_OBJC_ARC = YES;
				CLANG_WARN_BOOL_CONVERSION = YES;
				CLANG_WARN_CONSTANT_CONVERSION = YES;
				CLANG_WARN_DIRECT_OBJC_ISA_USAGE = YES_ERROR;
				CLANG_WARN_EMPTY_BODY = YES;
				CLANG_WARN_ENUM_CONVERSION = YES;
				CLANG_WARN_INT_CONVERSION = YES;
				CLANG_WARN_OBJC_ROOT_CLASS = YES_ERROR;
				CLANG_WARN_UNREACHABLE_CODE = YES;
				CLANG_WARN__DUPLICATE_METHOD_MATCH = YES;
				"CODE_SIGN_IDENTITY[sdk=iphoneos*]" = "iPhone Developer";
				COPY_PHASE_STRIP = NO;
				DEBUG_INFORMATION_FORMAT = dwarf;
				ENABLE_STRICT_OBJC_MSGSEND = YES;
				ENABLE_TESTABILITY = YES;
				GCC_C_LANGUAGE_STANDARD = gnu99;
				GCC_DYNAMIC_NO_PIC = NO;
				GCC_NO_COMMON_BLOCKS = YES;
				GCC_OPTIMIZATION_LEVEL = 0;
				GCC_PREPROCESSOR_DEFINITIONS = (
					"DEBUG=1",
					"$(inherited)",
				);
				GCC_WARN_64_TO_32_BIT_CONVERSION = YES;
				GCC_WARN_ABOUT_RETURN_TYPE = YES_ERROR;
				GCC_WARN_UNDECLARED_SELECTOR = YES;
				GCC_WARN_UNINITIALIZED_AUTOS = YES_AGGRESSIVE;
				GCC_WARN_UNUSED_FUNCTION = YES;
				GCC_WARN_UNUSED_VARIABLE = YES;
				IPHONEOS_DEPLOYMENT_TARGET = 9.0;
				MTL_ENABLE_DEBUG_INFO = YES;
				ONLY_ACTIVE_ARCH = YES;
				SDKROOT = iphoneos;
			};
			name = Debug;
		};
		9A68FAA11C1FF02200F9A766 /* Release */ = {
			isa = XCBuildConfiguration;
			buildSettings = {
				ALWAYS_SEARCH_USER_PATHS = NO;
				CLANG_CXX_LANGUAGE_STANDARD = "gnu++0x";
				CLANG_CXX_LIBRARY = "libc++";
				CLANG_ENABLE_MODULES = YES;
				CLANG_ENABLE_OBJC_ARC = YES;
				CLANG_WARN_BOOL_CONVERSION = YES;
				CLANG_WARN_CONSTANT_CONVERSION = YES;
				CLANG_WARN_DIRECT_OBJC_ISA_USAGE = YES_ERROR;
				CLANG_WARN_EMPTY_BODY = YES;
				CLANG_WARN_ENUM_CONVERSION = YES;
				CLANG_WARN_INT_CONVERSION = YES;
				CLANG_WARN_OBJC_ROOT_CLASS = YES_ERROR;
				CLANG_WARN_UNREACHABLE_CODE = YES;
				CLANG_WARN__DUPLICATE_METHOD_MATCH = YES;
				"CODE_SIGN_IDENTITY[sdk=iphoneos*]" = "iPhone Developer";
				COPY_PHASE_STRIP = NO;
				DEBUG_INFORMATION_FORMAT = "dwarf-with-dsym";
				ENABLE_NS_ASSERTIONS = NO;
				ENABLE_STRICT_OBJC_MSGSEND = YES;
				GCC_C_LANGUAGE_STANDARD = gnu99;
				GCC_NO_COMMON_BLOCKS = YES;
				GCC_WARN_64_TO_32_BIT_CONVERSION = YES;
				GCC_WARN_ABOUT_RETURN_TYPE = YES_ERROR;
				GCC_WARN_UNDECLARED_SELECTOR = YES;
				GCC_WARN_UNINITIALIZED_AUTOS = YES_AGGRESSIVE;
				GCC_WARN_UNUSED_FUNCTION = YES;
				GCC_WARN_UNUSED_VARIABLE = YES;
				IPHONEOS_DEPLOYMENT_TARGET = 9.0;
				MTL_ENABLE_DEBUG_INFO = NO;
				SDKROOT = iphoneos;
				VALIDATE_PRODUCT = YES;
			};
			name = Release;
		};
		9A68FAA31C1FF02200F9A766 /* Debug */ = {
			isa = XCBuildConfiguration;
			buildSettings = {
				ASSETCATALOG_COMPILER_APPICON_NAME = AppIcon;
				INFOPLIST_FILE = ZXKeyBoardShow/Info.plist;
				LD_RUNPATH_SEARCH_PATHS = "$(inherited) @executable_path/Frameworks";
				PRODUCT_BUNDLE_IDENTIFIER = susu.ZXKeyBoardShow;
				PRODUCT_NAME = "$(TARGET_NAME)";
			};
			name = Debug;
		};
		9A68FAA41C1FF02200F9A766 /* Release */ = {
			isa = XCBuildConfiguration;
			buildSettings = {
				ASSETCATALOG_COMPILER_APPICON_NAME = AppIcon;
				INFOPLIST_FILE = ZXKeyBoardShow/Info.plist;
				LD_RUNPATH_SEARCH_PATHS = "$(inherited) @executable_path/Frameworks";
				PRODUCT_BUNDLE_IDENTIFIER = susu.ZXKeyBoardShow;
				PRODUCT_NAME = "$(TARGET_NAME)";
			};
			name = Release;
		};
		9A68FAA61C1FF02200F9A766 /* Debug */ = {
			isa = XCBuildConfiguration;
			buildSettings = {
				BUNDLE_LOADER = "$(TEST_HOST)";
				INFOPLIST_FILE = ZXKeyBoardShowTests/Info.plist;
				LD_RUNPATH_SEARCH_PATHS = "$(inherited) @executable_path/Frameworks @loader_path/Frameworks";
				PRODUCT_BUNDLE_IDENTIFIER = susu.ZXKeyBoardShowTests;
				PRODUCT_NAME = "$(TARGET_NAME)";
				TEST_HOST = "$(BUILT_PRODUCTS_DIR)/ZXKeyBoardShow.app/ZXKeyBoardShow";
			};
			name = Debug;
		};
		9A68FAA71C1FF02200F9A766 /* Release */ = {
			isa = XCBuildConfiguration;
			buildSettings = {
				BUNDLE_LOADER = "$(TEST_HOST)";
				INFOPLIST_FILE = ZXKeyBoardShowTests/Info.plist;
				LD_RUNPATH_SEARCH_PATHS = "$(inherited) @executable_path/Frameworks @loader_path/Frameworks";
				PRODUCT_BUNDLE_IDENTIFIER = susu.ZXKeyBoardShowTests;
				PRODUCT_NAME = "$(TARGET_NAME)";
				TEST_HOST = "$(BUILT_PRODUCTS_DIR)/ZXKeyBoardShow.app/ZXKeyBoardShow";
			};
			name = Release;
		};
		9A68FAA91C1FF02200F9A766 /* Debug */ = {
			isa = XCBuildConfiguration;
			buildSettings = {
				INFOPLIST_FILE = ZXKeyBoardShowUITests/Info.plist;
				LD_RUNPATH_SEARCH_PATHS = "$(inherited) @executable_path/Frameworks @loader_path/Frameworks";
				PRODUCT_BUNDLE_IDENTIFIER = susu.ZXKeyBoardShowUITests;
				PRODUCT_NAME = "$(TARGET_NAME)";
				TEST_TARGET_NAME = ZXKeyBoardShow;
				USES_XCTRUNNER = YES;
			};
			name = Debug;
		};
		9A68FAAA1C1FF02200F9A766 /* Release */ = {
			isa = XCBuildConfiguration;
			buildSettings = {
				INFOPLIST_FILE = ZXKeyBoardShowUITests/Info.plist;
				LD_RUNPATH_SEARCH_PATHS = "$(inherited) @executable_path/Frameworks @loader_path/Frameworks";
				PRODUCT_BUNDLE_IDENTIFIER = susu.ZXKeyBoardShowUITests;
				PRODUCT_NAME = "$(TARGET_NAME)";
				TEST_TARGET_NAME = ZXKeyBoardShow;
				USES_XCTRUNNER = YES;
			};
			name = Release;
		};
/* End XCBuildConfiguration section */

/* Begin XCConfigurationList section */
		9A68FA701C1FF02100F9A766 /* Build configuration list for PBXProject "ZXKeyBoardShow" */ = {
			isa = XCConfigurationList;
			buildConfigurations = (
				9A68FAA01C1FF02200F9A766 /* Debug */,
				9A68FAA11C1FF02200F9A766 /* Release */,
			);
			defaultConfigurationIsVisible = 0;
			defaultConfigurationName = Release;
		};
		9A68FAA21C1FF02200F9A766 /* Build configuration list for PBXNativeTarget "ZXKeyBoardShow" */ = {
			isa = XCConfigurationList;
			buildConfigurations = (
				9A68FAA31C1FF02200F9A766 /* Debug */,
				9A68FAA41C1FF02200F9A766 /* Release */,
			);
			defaultConfigurationIsVisible = 0;
		};
		9A68FAA51C1FF02200F9A766 /* Build configuration list for PBXNativeTarget "ZXKeyBoardShowTests" */ = {
			isa = XCConfigurationList;
			buildConfigurations = (
				9A68FAA61C1FF02200F9A766 /* Debug */,
				9A68FAA71C1FF02200F9A766 /* Release */,
			);
			defaultConfigurationIsVisible = 0;
		};
		9A68FAA81C1FF02200F9A766 /* Build configuration list for PBXNativeTarget "ZXKeyBoardShowUITests" */ = {
			isa = XCConfigurationList;
			buildConfigurations = (
				9A68FAA91C1FF02200F9A766 /* Debug */,
				9A68FAAA1C1FF02200F9A766 /* Release */,
			);
			defaultConfigurationIsVisible = 0;
		};
/* End XCConfigurationList section */
	};
	rootObject = 9A68FA6D1C1FF02100F9A766 /* Project object */;
}
